
Microsoft Visual Studio Solution File, Format Version 12.00
# Visual Studio Version 17
VisualStudioVersion = 17.12.35309.182
MinimumVisualStudioVersion = 10.0.40219.1
Project("{2150E333-8FDC-42A3-9474-1A3956D46DE8}") = "Services", "Services", "{A27F2E9E-6DBD-4F9C-B365-FF3F24CA4868}"
EndProject
Project("{2150E333-8FDC-42A3-9474-1A3956D46DE8}") = "OrderManagement", "OrderManagement", "{FF738E0C-3F7C-41A9-8EE8-E91D5457836A}"
EndProject
Project("{2150E333-8FDC-42A3-9474-1A3956D46DE8}") = "Payment", "Payment", "{BF81A1D7-FC90-49D5-AC4A-744FA2FBE2CC}"
EndProject
Project("{2150E333-8FDC-42A3-9474-1A3956D46DE8}") = "Inventory", "Inventory", "{2DB25D31-6B57-4EB8-A004-3E8F035BF505}"
EndProject
Project("{2150E333-8FDC-42A3-9474-1A3956D46DE8}") = "Notification", "Notification", "{D6EC2EE7-1E16-4E58-B994-210A00C15FBD}"
EndProject
Project("{2150E333-8FDC-42A3-9474-1A3956D46DE8}") = "Shared", "Shared", "{2BFD50D4-4DE8-442F-975C-055B6F65B5DE}"
EndProject
Project("{FAE04EC0-301F-11D3-BF4B-00C04F79EFBC}") = "InventoryCore", "Services\Inventory\Core\InventoryCore.csproj", "{7BD93DF1-EAA5-489E-B8FF-F09E1528CA1D}"
EndProject
Project("{FAE04EC0-301F-11D3-BF4B-00C04F79EFBC}") = "NotificationCore", "Services\Notification\Core\NotificationCore.csproj", "{0807B11C-25BE-4812-AF02-25B3A91D21AE}"
EndProject
Project("{FAE04EC0-301F-11D3-BF4B-00C04F79EFBC}") = "Shared", "Shared\Shared.csproj", "{D343E405-E9B0-407F-98C7-FEDE85B39BBB}"
EndProject
Project("{FAE04EC0-301F-11D3-BF4B-00C04F79EFBC}") = "InventorySDK", "Services\Inventory\InventorySDK\InventorySDK.csproj", "{7E164E0F-1F18-402E-B0F2-F95265EB8BF7}"
EndProject
Project("{FAE04EC0-301F-11D3-BF4B-00C04F79EFBC}") = "NotificationSDK", "Services\Notification\NotificationSDK\NotificationSDK.csproj", "{A787B51D-8B92-4FA4-A378-573FE0CD9259}"
EndProject
Project("{FAE04EC0-301F-11D3-BF4B-00C04F79EFBC}") = "PaymentSDK", "Services\Payment\PaymentSDK\PaymentSDK.csproj", "{9891C9FD-28A4-48C3-A657-17659BD02986}"
EndProject
Project("{2150E333-8FDC-42A3-9474-1A3956D46DE8}") = "FrontEnd", "FrontEnd", "{BB0D04FA-17C7-4155-94AF-4BFD711533B1}"
EndProject
Project("{FAE04EC0-301F-11D3-BF4B-00C04F79EFBC}") = "InventoryRESTAPI", "Services\Inventory\InventoryRESTAPI\InventoryRESTAPI.csproj", "{11647D2F-0901-4239-BE8F-39B5D7114E64}"
EndProject
Project("{FAE04EC0-301F-11D3-BF4B-00C04F79EFBC}") = "FrontEnd", "FrontEnd\FrontEnd\FrontEnd.csproj", "{C1DDB718-3C31-4225-9973-E7269AB88963}"
EndProject
Project("{FAE04EC0-301F-11D3-BF4B-00C04F79EFBC}") = "NotificationRESTAPI", "Services\Notification\NotificationRESTAPI\NotificationRESTAPI.csproj", "{EB372025-34D7-463C-8BFB-5EBBBB8607A9}"
EndProject
Project("{FAE04EC0-301F-11D3-BF4B-00C04F79EFBC}") = "OrderManagementCore", "Services\OrderManagement\OrderManagementCore\OrderManagementCore.csproj", "{331854B0-36A6-4191-BF0D-D3F8F61B8B6A}"
EndProject
Project("{FAE04EC0-301F-11D3-BF4B-00C04F79EFBC}") = "OrderManagementRESTAPI", "Services\OrderManagement\OrderManagementRESTAPI\OrderManagementRESTAPI.csproj", "{25229E1B-DB39-4BA2-961B-1FA83D0CC028}"
EndProject
Project("{FAE04EC0-301F-11D3-BF4B-00C04F79EFBC}") = "OrderManagementSDK", "Services\OrderManagement\OrderManagementSDK\OrderManagementSDK.csproj", "{1780A081-837D-462F-8657-6AEC202EFB14}"
EndProject
Project("{FAE04EC0-301F-11D3-BF4B-00C04F79EFBC}") = "InventorygRPC", "Services\Inventory\InventorygRPC\InventorygRPC.csproj", "{76E7798E-9AA9-445F-91AC-5F8869F0CC06}"
EndProject
Project("{FAE04EC0-301F-11D3-BF4B-00C04F79EFBC}") = "GRPCFrontEndClient", "FrontEnd\GRPCFrontEndClient\GRPCFrontEndClient.csproj", "{8B63B432-37D7-420A-8B2F-F979A6CE7C9E}"
EndProject
Project("{FAE04EC0-301F-11D3-BF4B-00C04F79EFBC}") = "OrderManagementRPC", "Services\OrderManagement\OrderManagementRPC\OrderManagementRPC.csproj", "{E5904D6F-3A61-41D1-9279-01E2AA319A8D}"
EndProject
Project("{FAE04EC0-301F-11D3-BF4B-00C04F79EFBC}") = "NotificationRPC", "Services\Notification\NotificationRPC\NotificationRPC.csproj", "{D80F047E-A442-467A-9622-F0A016C14FAE}"
EndProject
Project("{FAE04EC0-301F-11D3-BF4B-00C04F79EFBC}") = "PaymentRPC", "Services\Payment\PaymentRPC\PaymentRPC.csproj", "{C37B46B4-8AF0-4990-83BA-226B95DE2EB9}"
EndProject
Project("{FAE04EC0-301F-11D3-BF4B-00C04F79EFBC}") = "PaymentRESTAPI", "Services\Payment\PaymentRESTAPI\PaymentRESTAPI.csproj", "{319BD217-E067-42C2-A7CC-535FCE17C82E}"
EndProject
Project("{FAE04EC0-301F-11D3-BF4B-00C04F79EFBC}") = "PaymentCore", "Services\Payment\PaymentCore\PaymentCore.csproj", "{A9921921-A56C-4939-B8C4-D85F9CFD94DA}"
EndProject
Project("{FAE04EC0-301F-11D3-BF4B-00C04F79EFBC}") = "RabbitMQFrontEndClient", "FrontEnd\RabbitMQFrontEndClient\RabbitMQFrontEndClient.csproj", "{902752B0-630C-4114-B075-EC0AC2EF330A}"
EndProject
Project("{FAE04EC0-301F-11D3-BF4B-00C04F79EFBC}") = "OrderManagementRabbitMQ", "Services\OrderManagement\OrderManagementRabbitMQ\OrderManagementRabbitMQ.csproj", "{A3772AE1-6B95-43AA-BE6F-9AB9C22855F9}"
EndProject
Project("{FAE04EC0-301F-11D3-BF4B-00C04F79EFBC}") = "InventoryRabbitMQ", "Services\Inventory\InventoryRabbitMQ\InventoryRabbitMQ.csproj", "{E0CB2F68-990C-4EBE-B56C-83176A4EA726}"
EndProject
Project("{FAE04EC0-301F-11D3-BF4B-00C04F79EFBC}") = "NotificationRabbitMQ", "Services\Notification\NotificationRabbitMQ\NotificationRabbitMQ.csproj", "{84037544-C112-44E3-9DAD-C6E3DCB12180}"
EndProject
Project("{FAE04EC0-301F-11D3-BF4B-00C04F79EFBC}") = "PaymentRabbitMQ", "Services\Payment\PaymentRabbitMQ\PaymentRabbitMQ.csproj", "{C5E222A4-082A-48AC-AA73-42A64EB44090}"
EndProject
Project("{2150E333-8FDC-42A3-9474-1A3956D46DE8}") = "Solution Items", "Solution Items", "{A68F0174-5837-427F-9825-DB54FD4E3BC3}"
	ProjectSection(SolutionItems) = preProject
		ReadME.md = ReadME.md
	EndProjectSection
EndProject
Global
	GlobalSection(SolutionConfigurationPlatforms) = preSolution
		Debug|Any CPU = Debug|Any CPU
		Release|Any CPU = Release|Any CPU
	EndGlobalSection
	GlobalSection(ProjectConfigurationPlatforms) = postSolution
		{7BD93DF1-EAA5-489E-B8FF-F09E1528CA1D}.Debug|Any CPU.ActiveCfg = Debug|Any CPU
		{7BD93DF1-EAA5-489E-B8FF-F09E1528CA1D}.Debug|Any CPU.Build.0 = Debug|Any CPU
		{7BD93DF1-EAA5-489E-B8FF-F09E1528CA1D}.Release|Any CPU.ActiveCfg = Release|Any CPU
		{7BD93DF1-EAA5-489E-B8FF-F09E1528CA1D}.Release|Any CPU.Build.0 = Release|Any CPU
		{0807B11C-25BE-4812-AF02-25B3A91D21AE}.Debug|Any CPU.ActiveCfg = Debug|Any CPU
		{0807B11C-25BE-4812-AF02-25B3A91D21AE}.Debug|Any CPU.Build.0 = Debug|Any CPU
		{0807B11C-25BE-4812-AF02-25B3A91D21AE}.Release|Any CPU.ActiveCfg = Release|Any CPU
		{0807B11C-25BE-4812-AF02-25B3A91D21AE}.Release|Any CPU.Build.0 = Release|Any CPU
		{D343E405-E9B0-407F-98C7-FEDE85B39BBB}.Debug|Any CPU.ActiveCfg = Debug|Any CPU
		{D343E405-E9B0-407F-98C7-FEDE85B39BBB}.Debug|Any CPU.Build.0 = Debug|Any CPU
		{D343E405-E9B0-407F-98C7-FEDE85B39BBB}.Release|Any CPU.ActiveCfg = Release|Any CPU
		{D343E405-E9B0-407F-98C7-FEDE85B39BBB}.Release|Any CPU.Build.0 = Release|Any CPU
		{7E164E0F-1F18-402E-B0F2-F95265EB8BF7}.Debug|Any CPU.ActiveCfg = Debug|Any CPU
		{7E164E0F-1F18-402E-B0F2-F95265EB8BF7}.Debug|Any CPU.Build.0 = Debug|Any CPU
		{7E164E0F-1F18-402E-B0F2-F95265EB8BF7}.Release|Any CPU.ActiveCfg = Release|Any CPU
		{7E164E0F-1F18-402E-B0F2-F95265EB8BF7}.Release|Any CPU.Build.0 = Release|Any CPU
		{A787B51D-8B92-4FA4-A378-573FE0CD9259}.Debug|Any CPU.ActiveCfg = Debug|Any CPU
		{A787B51D-8B92-4FA4-A378-573FE0CD9259}.Debug|Any CPU.Build.0 = Debug|Any CPU
		{A787B51D-8B92-4FA4-A378-573FE0CD9259}.Release|Any CPU.ActiveCfg = Release|Any CPU
		{A787B51D-8B92-4FA4-A378-573FE0CD9259}.Release|Any CPU.Build.0 = Release|Any CPU
		{9891C9FD-28A4-48C3-A657-17659BD02986}.Debug|Any CPU.ActiveCfg = Debug|Any CPU
		{9891C9FD-28A4-48C3-A657-17659BD02986}.Debug|Any CPU.Build.0 = Debug|Any CPU
		{9891C9FD-28A4-48C3-A657-17659BD02986}.Release|Any CPU.ActiveCfg = Release|Any CPU
		{9891C9FD-28A4-48C3-A657-17659BD02986}.Release|Any CPU.Build.0 = Release|Any CPU
		{11647D2F-0901-4239-BE8F-39B5D7114E64}.Debug|Any CPU.ActiveCfg = Debug|Any CPU
		{11647D2F-0901-4239-BE8F-39B5D7114E64}.Debug|Any CPU.Build.0 = Debug|Any CPU
		{11647D2F-0901-4239-BE8F-39B5D7114E64}.Release|Any CPU.ActiveCfg = Release|Any CPU
		{11647D2F-0901-4239-BE8F-39B5D7114E64}.Release|Any CPU.Build.0 = Release|Any CPU
		{C1DDB718-3C31-4225-9973-E7269AB88963}.Debug|Any CPU.ActiveCfg = Debug|Any CPU
		{C1DDB718-3C31-4225-9973-E7269AB88963}.Debug|Any CPU.Build.0 = Debug|Any CPU
		{C1DDB718-3C31-4225-9973-E7269AB88963}.Release|Any CPU.ActiveCfg = Release|Any CPU
		{C1DDB718-3C31-4225-9973-E7269AB88963}.Release|Any CPU.Build.0 = Release|Any CPU
		{EB372025-34D7-463C-8BFB-5EBBBB8607A9}.Debug|Any CPU.ActiveCfg = Debug|Any CPU
		{EB372025-34D7-463C-8BFB-5EBBBB8607A9}.Debug|Any CPU.Build.0 = Debug|Any CPU
		{EB372025-34D7-463C-8BFB-5EBBBB8607A9}.Release|Any CPU.ActiveCfg = Release|Any CPU
		{EB372025-34D7-463C-8BFB-5EBBBB8607A9}.Release|Any CPU.Build.0 = Release|Any CPU
		{331854B0-36A6-4191-BF0D-D3F8F61B8B6A}.Debug|Any CPU.ActiveCfg = Debug|Any CPU
		{331854B0-36A6-4191-BF0D-D3F8F61B8B6A}.Debug|Any CPU.Build.0 = Debug|Any CPU
		{331854B0-36A6-4191-BF0D-D3F8F61B8B6A}.Release|Any CPU.ActiveCfg = Release|Any CPU
		{331854B0-36A6-4191-BF0D-D3F8F61B8B6A}.Release|Any CPU.Build.0 = Release|Any CPU
		{25229E1B-DB39-4BA2-961B-1FA83D0CC028}.Debug|Any CPU.ActiveCfg = Debug|Any CPU
		{25229E1B-DB39-4BA2-961B-1FA83D0CC028}.Debug|Any CPU.Build.0 = Debug|Any CPU
		{25229E1B-DB39-4BA2-961B-1FA83D0CC028}.Release|Any CPU.ActiveCfg = Release|Any CPU
		{25229E1B-DB39-4BA2-961B-1FA83D0CC028}.Release|Any CPU.Build.0 = Release|Any CPU
		{1780A081-837D-462F-8657-6AEC202EFB14}.Debug|Any CPU.ActiveCfg = Debug|Any CPU
		{1780A081-837D-462F-8657-6AEC202EFB14}.Debug|Any CPU.Build.0 = Debug|Any CPU
		{1780A081-837D-462F-8657-6AEC202EFB14}.Release|Any CPU.ActiveCfg = Release|Any CPU
		{1780A081-837D-462F-8657-6AEC202EFB14}.Release|Any CPU.Build.0 = Release|Any CPU
		{76E7798E-9AA9-445F-91AC-5F8869F0CC06}.Debug|Any CPU.ActiveCfg = Debug|Any CPU
		{76E7798E-9AA9-445F-91AC-5F8869F0CC06}.Debug|Any CPU.Build.0 = Debug|Any CPU
		{76E7798E-9AA9-445F-91AC-5F8869F0CC06}.Release|Any CPU.ActiveCfg = Release|Any CPU
		{76E7798E-9AA9-445F-91AC-5F8869F0CC06}.Release|Any CPU.Build.0 = Release|Any CPU
		{8B63B432-37D7-420A-8B2F-F979A6CE7C9E}.Debug|Any CPU.ActiveCfg = Debug|Any CPU
		{8B63B432-37D7-420A-8B2F-F979A6CE7C9E}.Debug|Any CPU.Build.0 = Debug|Any CPU
		{8B63B432-37D7-420A-8B2F-F979A6CE7C9E}.Release|Any CPU.ActiveCfg = Release|Any CPU
		{8B63B432-37D7-420A-8B2F-F979A6CE7C9E}.Release|Any CPU.Build.0 = Release|Any CPU
		{E5904D6F-3A61-41D1-9279-01E2AA319A8D}.Debug|Any CPU.ActiveCfg = Debug|Any CPU
		{E5904D6F-3A61-41D1-9279-01E2AA319A8D}.Debug|Any CPU.Build.0 = Debug|Any CPU
		{E5904D6F-3A61-41D1-9279-01E2AA319A8D}.Release|Any CPU.ActiveCfg = Release|Any CPU
		{E5904D6F-3A61-41D1-9279-01E2AA319A8D}.Release|Any CPU.Build.0 = Release|Any CPU
		{D80F047E-A442-467A-9622-F0A016C14FAE}.Debug|Any CPU.ActiveCfg = Debug|Any CPU
		{D80F047E-A442-467A-9622-F0A016C14FAE}.Debug|Any CPU.Build.0 = Debug|Any CPU
		{D80F047E-A442-467A-9622-F0A016C14FAE}.Release|Any CPU.ActiveCfg = Release|Any CPU
		{D80F047E-A442-467A-9622-F0A016C14FAE}.Release|Any CPU.Build.0 = Release|Any CPU
		{C37B46B4-8AF0-4990-83BA-226B95DE2EB9}.Debug|Any CPU.ActiveCfg = Debug|Any CPU
		{C37B46B4-8AF0-4990-83BA-226B95DE2EB9}.Debug|Any CPU.Build.0 = Debug|Any CPU
		{C37B46B4-8AF0-4990-83BA-226B95DE2EB9}.Release|Any CPU.ActiveCfg = Release|Any CPU
		{C37B46B4-8AF0-4990-83BA-226B95DE2EB9}.Release|Any CPU.Build.0 = Release|Any CPU
		{319BD217-E067-42C2-A7CC-535FCE17C82E}.Debug|Any CPU.ActiveCfg = Debug|Any CPU
		{319BD217-E067-42C2-A7CC-535FCE17C82E}.Debug|Any CPU.Build.0 = Debug|Any CPU
		{319BD217-E067-42C2-A7CC-535FCE17C82E}.Release|Any CPU.ActiveCfg = Release|Any CPU
		{319BD217-E067-42C2-A7CC-535FCE17C82E}.Release|Any CPU.Build.0 = Release|Any CPU
		{A9921921-A56C-4939-B8C4-D85F9CFD94DA}.Debug|Any CPU.ActiveCfg = Debug|Any CPU
		{A9921921-A56C-4939-B8C4-D85F9CFD94DA}.Debug|Any CPU.Build.0 = Debug|Any CPU
		{A9921921-A56C-4939-B8C4-D85F9CFD94DA}.Release|Any CPU.ActiveCfg = Release|Any CPU
		{A9921921-A56C-4939-B8C4-D85F9CFD94DA}.Release|Any CPU.Build.0 = Release|Any CPU
		{902752B0-630C-4114-B075-EC0AC2EF330A}.Debug|Any CPU.ActiveCfg = Debug|Any CPU
		{902752B0-630C-4114-B075-EC0AC2EF330A}.Debug|Any CPU.Build.0 = Debug|Any CPU
		{902752B0-630C-4114-B075-EC0AC2EF330A}.Release|Any CPU.ActiveCfg = Release|Any CPU
		{902752B0-630C-4114-B075-EC0AC2EF330A}.Release|Any CPU.Build.0 = Release|Any CPU
		{A3772AE1-6B95-43AA-BE6F-9AB9C22855F9}.Debug|Any CPU.ActiveCfg = Debug|Any CPU
		{A3772AE1-6B95-43AA-BE6F-9AB9C22855F9}.Debug|Any CPU.Build.0 = Debug|Any CPU
		{A3772AE1-6B95-43AA-BE6F-9AB9C22855F9}.Release|Any CPU.ActiveCfg = Release|Any CPU
		{A3772AE1-6B95-43AA-BE6F-9AB9C22855F9}.Release|Any CPU.Build.0 = Release|Any CPU
		{E0CB2F68-990C-4EBE-B56C-83176A4EA726}.Debug|Any CPU.ActiveCfg = Debug|Any CPU
		{E0CB2F68-990C-4EBE-B56C-83176A4EA726}.Debug|Any CPU.Build.0 = Debug|Any CPU
		{E0CB2F68-990C-4EBE-B56C-83176A4EA726}.Release|Any CPU.ActiveCfg = Release|Any CPU
		{E0CB2F68-990C-4EBE-B56C-83176A4EA726}.Release|Any CPU.Build.0 = Release|Any CPU
		{84037544-C112-44E3-9DAD-C6E3DCB12180}.Debug|Any CPU.ActiveCfg = Debug|Any CPU
		{84037544-C112-44E3-9DAD-C6E3DCB12180}.Debug|Any CPU.Build.0 = Debug|Any CPU
		{84037544-C112-44E3-9DAD-C6E3DCB12180}.Release|Any CPU.ActiveCfg = Release|Any CPU
		{84037544-C112-44E3-9DAD-C6E3DCB12180}.Release|Any CPU.Build.0 = Release|Any CPU
		{C5E222A4-082A-48AC-AA73-42A64EB44090}.Debug|Any CPU.ActiveCfg = Debug|Any CPU
		{C5E222A4-082A-48AC-AA73-42A64EB44090}.Debug|Any CPU.Build.0 = Debug|Any CPU
		{C5E222A4-082A-48AC-AA73-42A64EB44090}.Release|Any CPU.ActiveCfg = Release|Any CPU
		{C5E222A4-082A-48AC-AA73-42A64EB44090}.Release|Any CPU.Build.0 = Release|Any CPU
	EndGlobalSection
	GlobalSection(SolutionProperties) = preSolution
		HideSolutionNode = FALSE
	EndGlobalSection
	GlobalSection(NestedProjects) = preSolution
		{FF738E0C-3F7C-41A9-8EE8-E91D5457836A} = {A27F2E9E-6DBD-4F9C-B365-FF3F24CA4868}
		{BF81A1D7-FC90-49D5-AC4A-744FA2FBE2CC} = {A27F2E9E-6DBD-4F9C-B365-FF3F24CA4868}
		{2DB25D31-6B57-4EB8-A004-3E8F035BF505} = {A27F2E9E-6DBD-4F9C-B365-FF3F24CA4868}
		{D6EC2EE7-1E16-4E58-B994-210A00C15FBD} = {A27F2E9E-6DBD-4F9C-B365-FF3F24CA4868}
		{7BD93DF1-EAA5-489E-B8FF-F09E1528CA1D} = {2DB25D31-6B57-4EB8-A004-3E8F035BF505}
		{0807B11C-25BE-4812-AF02-25B3A91D21AE} = {D6EC2EE7-1E16-4E58-B994-210A00C15FBD}
		{D343E405-E9B0-407F-98C7-FEDE85B39BBB} = {2BFD50D4-4DE8-442F-975C-055B6F65B5DE}
		{7E164E0F-1F18-402E-B0F2-F95265EB8BF7} = {2DB25D31-6B57-4EB8-A004-3E8F035BF505}
		{A787B51D-8B92-4FA4-A378-573FE0CD9259} = {D6EC2EE7-1E16-4E58-B994-210A00C15FBD}
		{9891C9FD-28A4-48C3-A657-17659BD02986} = {BF81A1D7-FC90-49D5-AC4A-744FA2FBE2CC}
		{11647D2F-0901-4239-BE8F-39B5D7114E64} = {2DB25D31-6B57-4EB8-A004-3E8F035BF505}
		{C1DDB718-3C31-4225-9973-E7269AB88963} = {BB0D04FA-17C7-4155-94AF-4BFD711533B1}
		{EB372025-34D7-463C-8BFB-5EBBBB8607A9} = {D6EC2EE7-1E16-4E58-B994-210A00C15FBD}
		{331854B0-36A6-4191-BF0D-D3F8F61B8B6A} = {FF738E0C-3F7C-41A9-8EE8-E91D5457836A}
		{25229E1B-DB39-4BA2-961B-1FA83D0CC028} = {FF738E0C-3F7C-41A9-8EE8-E91D5457836A}
		{1780A081-837D-462F-8657-6AEC202EFB14} = {FF738E0C-3F7C-41A9-8EE8-E91D5457836A}
		{76E7798E-9AA9-445F-91AC-5F8869F0CC06} = {2DB25D31-6B57-4EB8-A004-3E8F035BF505}
		{8B63B432-37D7-420A-8B2F-F979A6CE7C9E} = {BB0D04FA-17C7-4155-94AF-4BFD711533B1}
		{E5904D6F-3A61-41D1-9279-01E2AA319A8D} = {FF738E0C-3F7C-41A9-8EE8-E91D5457836A}
		{D80F047E-A442-467A-9622-F0A016C14FAE} = {D6EC2EE7-1E16-4E58-B994-210A00C15FBD}
		{C37B46B4-8AF0-4990-83BA-226B95DE2EB9} = {BF81A1D7-FC90-49D5-AC4A-744FA2FBE2CC}
		{319BD217-E067-42C2-A7CC-535FCE17C82E} = {BF81A1D7-FC90-49D5-AC4A-744FA2FBE2CC}
		{A9921921-A56C-4939-B8C4-D85F9CFD94DA} = {BF81A1D7-FC90-49D5-AC4A-744FA2FBE2CC}
		{902752B0-630C-4114-B075-EC0AC2EF330A} = {BB0D04FA-17C7-4155-94AF-4BFD711533B1}
		{A3772AE1-6B95-43AA-BE6F-9AB9C22855F9} = {FF738E0C-3F7C-41A9-8EE8-E91D5457836A}
		{E0CB2F68-990C-4EBE-B56C-83176A4EA726} = {2DB25D31-6B57-4EB8-A004-3E8F035BF505}
		{84037544-C112-44E3-9DAD-C6E3DCB12180} = {D6EC2EE7-1E16-4E58-B994-210A00C15FBD}
		{C5E222A4-082A-48AC-AA73-42A64EB44090} = {BF81A1D7-FC90-49D5-AC4A-744FA2FBE2CC}
	EndGlobalSection
	GlobalSection(ExtensibilityGlobals) = postSolution
		SolutionGuid = {6DB36C2A-6E53-4741-BC9E-9ADD4B900B56}
	EndGlobalSection
EndGlobal
